
Microsoft Visual Studio Solution File, Format Version 12.00
# Visual Studio Version 16
VisualStudioVersion = 16.0.31424.327
MinimumVisualStudioVersion = 10.0.40219.1
Project("{9A19103F-16F7-4668-BE54-9A1E7A4F7556}") = "HomeLibrary.BLL", "HomeLibrary.BLL\HomeLibrary.BLL.csproj", "{8CAEEEC9-B60C-49CB-96B9-018D44320A41}"
EndProject
Project("{9A19103F-16F7-4668-BE54-9A1E7A4F7556}") = "HomeLibrary.DAL", "HomeLibrary.DAL\HomeLibrary.DAL.csproj", "{72B8EB5D-2465-4399-B0B7-36720D836711}"
EndProject
Project("{9A19103F-16F7-4668-BE54-9A1E7A4F7556}") = "HomeLibrary.WebAPI", "HomeLibrary.WebAPI\HomeLibrary.WebAPI.csproj", "{F666A315-C23F-44CD-B834-483A6C7EEED3}"
EndProject
Project("{FAE04EC0-301F-11D3-BF4B-00C04F79EFBC}") = "HomeLibrary.Shared", "HomeLibrary.Shared\HomeLibrary.Shared.csproj", "{3671D045-AAF0-427F-BDD6-7DE51A24DC21}"
EndProject
Global
	GlobalSection(SolutionConfigurationPlatforms) = preSolution
		Debug|Any CPU = Debug|Any CPU
		Release|Any CPU = Release|Any CPU
	EndGlobalSection
	GlobalSection(ProjectConfigurationPlatforms) = postSolution
		{8CAEEEC9-B60C-49CB-96B9-018D44320A41}.Debug|Any CPU.ActiveCfg = Debug|Any CPU
		{8CAEEEC9-B60C-49CB-96B9-018D44320A41}.Debug|Any CPU.Build.0 = Debug|Any CPU
		{8CAEEEC9-B60C-49CB-96B9-018D44320A41}.Release|Any CPU.ActiveCfg = Release|Any CPU
		{8CAEEEC9-B60C-49CB-96B9-018D44320A41}.Release|Any CPU.Build.0 = Release|Any CPU
		{72B8EB5D-2465-4399-B0B7-36720D836711}.Debug|Any CPU.ActiveCfg = Debug|Any CPU
		{72B8EB5D-2465-4399-B0B7-36720D836711}.Debug|Any CPU.Build.0 = Debug|Any CPU
		{72B8EB5D-2465-4399-B0B7-36720D836711}.Release|Any CPU.ActiveCfg = Release|Any CPU
		{72B8EB5D-2465-4399-B0B7-36720D836711}.Release|Any CPU.Build.0 = Release|Any CPU
		{F666A315-C23F-44CD-B834-483A6C7EEED3}.Debug|Any CPU.ActiveCfg = Debug|Any CPU
		{F666A315-C23F-44CD-B834-483A6C7EEED3}.Debug|Any CPU.Build.0 = Debug|Any CPU
		{F666A315-C23F-44CD-B834-483A6C7EEED3}.Release|Any CPU.ActiveCfg = Release|Any CPU
		{F666A315-C23F-44CD-B834-483A6C7EEED3}.Release|Any CPU.Build.0 = Release|Any CPU
		{3671D045-AAF0-427F-BDD6-7DE51A24DC21}.Debug|Any CPU.ActiveCfg = Debug|Any CPU
		{3671D045-AAF0-427F-BDD6-7DE51A24DC21}.Debug|Any CPU.Build.0 = Debug|Any CPU
		{3671D045-AAF0-427F-BDD6-7DE51A24DC21}.Release|Any CPU.ActiveCfg = Release|Any CPU
		{3671D045-AAF0-427F-BDD6-7DE51A24DC21}.Release|Any CPU.Build.0 = Release|Any CPU
	EndGlobalSection
	GlobalSection(SolutionProperties) = preSolution
		HideSolutionNode = FALSE
	EndGlobalSection
	GlobalSection(ExtensibilityGlobals) = postSolution
		SolutionGuid = {5561D641-3B20-4A62-98B9-1C41847D9CFC}
	EndGlobalSection
EndGlobal
