
Microsoft Visual Studio Solution File, Format Version 12.00
# Visual Studio Version 16
VisualStudioVersion = 16.0.31424.327
MinimumVisualStudioVersion = 10.0.40219.1
Project("{FAE04EC0-301F-11D3-BF4B-00C04F79EFBC}") = "HomeLibrary", "HomeLibrary\HomeLibrary.csproj", "{AB387021-A944-4F94-B892-87656512A2DA}"
EndProject
Global
	GlobalSection(SolutionConfigurationPlatforms) = preSolution
		Debug|Any CPU = Debug|Any CPU
		Release|Any CPU = Release|Any CPU
	EndGlobalSection
	GlobalSection(ProjectConfigurationPlatforms) = postSolution
		{AB387021-A944-4F94-B892-87656512A2DA}.Debug|Any CPU.ActiveCfg = Debug|Any CPU
		{AB387021-A944-4F94-B892-87656512A2DA}.Debug|Any CPU.Build.0 = Debug|Any CPU
		{AB387021-A944-4F94-B892-87656512A2DA}.Release|Any CPU.ActiveCfg = Release|Any CPU
		{AB387021-A944-4F94-B892-87656512A2DA}.Release|Any CPU.Build.0 = Release|Any CPU
	EndGlobalSection
	GlobalSection(SolutionProperties) = preSolution
		HideSolutionNode = FALSE
	EndGlobalSection
	GlobalSection(ExtensibilityGlobals) = postSolution
		SolutionGuid = {5561D641-3B20-4A62-98B9-1C41847D9CFC}
	EndGlobalSection
EndGlobal
